// !$*UTF8*$!
{
	archiveVersion = 1;
	classes = {
	};
	objectVersion = 50;
	objects = {

/* Begin PBXBuildFile section */
		5722B68B254711BC00BBAA34 /* AppDelegate.swift in Sources */ = {isa = PBXBuildFile; fileRef = 5722B68A254711BC00BBAA34 /* AppDelegate.swift */; };
		5722B68D254711BC00BBAA34 /* SceneDelegate.swift in Sources */ = {isa = PBXBuildFile; fileRef = 5722B68C254711BC00BBAA34 /* SceneDelegate.swift */; };
		5722B68F254711BC00BBAA34 /* SearchViewController.swift in Sources */ = {isa = PBXBuildFile; fileRef = 5722B68E254711BC00BBAA34 /* SearchViewController.swift */; };
		5722B692254711BC00BBAA34 /* Main.storyboard in Resources */ = {isa = PBXBuildFile; fileRef = 5722B690254711BC00BBAA34 /* Main.storyboard */; };
		5722B694254711C100BBAA34 /* Assets.xcassets in Resources */ = {isa = PBXBuildFile; fileRef = 5722B693254711C100BBAA34 /* Assets.xcassets */; };
		57269052257BD99900E2CAD1 /* GradientView.swift in Sources */ = {isa = PBXBuildFile; fileRef = 57269051257BD99900E2CAD1 /* GradientView.swift */; };
		572A8FEE25474A9C00315571 /* SearchResult.swift in Sources */ = {isa = PBXBuildFile; fileRef = 572A8FED25474A9B00315571 /* SearchResult.swift */; };
		572A8FF02547625B00315571 /* SearchResultCell.xib in Resources */ = {isa = PBXBuildFile; fileRef = 572A8FEF2547625B00315571 /* SearchResultCell.xib */; };
		572A8FF225476E0600315571 /* SearchResultCell.swift in Sources */ = {isa = PBXBuildFile; fileRef = 572A8FF125476E0500315571 /* SearchResultCell.swift */; };
		5791DC6925783ADC0088076B /* UImageView+DownloadImage.swift in Sources */ = {isa = PBXBuildFile; fileRef = 5791DC6825783ADC0088076B /* UImageView+DownloadImage.swift */; };
		57978E27257ABB63002C335C /* DetailViewController.swift in Sources */ = {isa = PBXBuildFile; fileRef = 57978E26257ABB63002C335C /* DetailViewController.swift */; };
		57978E29257AC1C2002C335C /* DimmingPresentationController.swift in Sources */ = {isa = PBXBuildFile; fileRef = 57978E28257AC1C2002C335C /* DimmingPresentationController.swift */; };
		57A334F0257E7A3300F4282E /* FadeOutAnimationController.swift in Sources */ = {isa = PBXBuildFile; fileRef = 57A334EF257E7A3300F4282E /* FadeOutAnimationController.swift */; };
		57A334F3257E9E4900F4282E /* Search.swift in Sources */ = {isa = PBXBuildFile; fileRef = 57A334F2257E9E4900F4282E /* Search.swift */; };
		57C379CB257D4AE600A33C7D /* BounceAnimationController.swift in Sources */ = {isa = PBXBuildFile; fileRef = 57C379CA257D4AE600A33C7D /* BounceAnimationController.swift */; };
		57C379CD257D527A00A33C7D /* SlideOutAnimationController.swift in Sources */ = {isa = PBXBuildFile; fileRef = 57C379CC257D527A00A33C7D /* SlideOutAnimationController.swift */; };
		57C379CF257D55B900A33C7D /* LandscapeViewController.swift in Sources */ = {isa = PBXBuildFile; fileRef = 57C379CE257D55B900A33C7D /* LandscapeViewController.swift */; };
		57D4BF7025829FEB0022557C /* NothingFoundCell.xib in Resources */ = {isa = PBXBuildFile; fileRef = 57D4BF7225829FEB0022557C /* NothingFoundCell.xib */; };
		57D4BF742582A2F90022557C /* LoadingCell.xib in Resources */ = {isa = PBXBuildFile; fileRef = 57D4BF762582A2F90022557C /* LoadingCell.xib */; };
/* End PBXBuildFile section */

/* Begin PBXFileReference section */
		5722B687254711BC00BBAA34 /* StoreSearch.app */ = {isa = PBXFileReference; explicitFileType = wrapper.application; includeInIndex = 0; path = StoreSearch.app; sourceTree = BUILT_PRODUCTS_DIR; };
		5722B68A254711BC00BBAA34 /* AppDelegate.swift */ = {isa = PBXFileReference; lastKnownFileType = sourcecode.swift; path = AppDelegate.swift; sourceTree = "<group>"; };
		5722B68C254711BC00BBAA34 /* SceneDelegate.swift */ = {isa = PBXFileReference; lastKnownFileType = sourcecode.swift; path = SceneDelegate.swift; sourceTree = "<group>"; };
		5722B68E254711BC00BBAA34 /* SearchViewController.swift */ = {isa = PBXFileReference; lastKnownFileType = sourcecode.swift; path = SearchViewController.swift; sourceTree = "<group>"; };
		5722B691254711BC00BBAA34 /* Base */ = {isa = PBXFileReference; lastKnownFileType = file.storyboard; name = Base; path = Base.lproj/Main.storyboard; sourceTree = "<group>"; };
		5722B693254711C100BBAA34 /* Assets.xcassets */ = {isa = PBXFileReference; lastKnownFileType = folder.assetcatalog; path = Assets.xcassets; sourceTree = "<group>"; };
		5722B698254711C100BBAA34 /* Info.plist */ = {isa = PBXFileReference; lastKnownFileType = text.plist.xml; path = Info.plist; sourceTree = "<group>"; };
		57269051257BD99900E2CAD1 /* GradientView.swift */ = {isa = PBXFileReference; lastKnownFileType = sourcecode.swift; path = GradientView.swift; sourceTree = "<group>"; };
		572A8FED25474A9B00315571 /* SearchResult.swift */ = {isa = PBXFileReference; lastKnownFileType = sourcecode.swift; path = SearchResult.swift; sourceTree = "<group>"; };
		572A8FEF2547625B00315571 /* SearchResultCell.xib */ = {isa = PBXFileReference; lastKnownFileType = file.xib; path = SearchResultCell.xib; sourceTree = "<group>"; };
		572A8FF125476E0500315571 /* SearchResultCell.swift */ = {isa = PBXFileReference; lastKnownFileType = sourcecode.swift; path = SearchResultCell.swift; sourceTree = "<group>"; };
		5791DC6825783ADC0088076B /* UImageView+DownloadImage.swift */ = {isa = PBXFileReference; lastKnownFileType = sourcecode.swift; path = "UImageView+DownloadImage.swift"; sourceTree = "<group>"; };
		57978E26257ABB63002C335C /* DetailViewController.swift */ = {isa = PBXFileReference; lastKnownFileType = sourcecode.swift; path = DetailViewController.swift; sourceTree = "<group>"; };
		57978E28257AC1C2002C335C /* DimmingPresentationController.swift */ = {isa = PBXFileReference; lastKnownFileType = sourcecode.swift; path = DimmingPresentationController.swift; sourceTree = "<group>"; };
		57A334EF257E7A3300F4282E /* FadeOutAnimationController.swift */ = {isa = PBXFileReference; lastKnownFileType = sourcecode.swift; path = FadeOutAnimationController.swift; sourceTree = "<group>"; };
		57A334F2257E9E4900F4282E /* Search.swift */ = {isa = PBXFileReference; lastKnownFileType = sourcecode.swift; path = Search.swift; sourceTree = "<group>"; };
		57C379CA257D4AE600A33C7D /* BounceAnimationController.swift */ = {isa = PBXFileReference; lastKnownFileType = sourcecode.swift; path = BounceAnimationController.swift; sourceTree = "<group>"; };
		57C379CC257D527A00A33C7D /* SlideOutAnimationController.swift */ = {isa = PBXFileReference; lastKnownFileType = sourcecode.swift; path = SlideOutAnimationController.swift; sourceTree = "<group>"; };
		57C379CE257D55B900A33C7D /* LandscapeViewController.swift */ = {isa = PBXFileReference; lastKnownFileType = sourcecode.swift; path = LandscapeViewController.swift; sourceTree = "<group>"; };
		57D4BF7125829FEB0022557C /* en */ = {isa = PBXFileReference; lastKnownFileType = file.xib; name = en; path = en.lproj/NothingFoundCell.xib; sourceTree = "<group>"; };
		57D4BF732582A03F0022557C /* tr */ = {isa = PBXFileReference; lastKnownFileType = file.xib; name = tr; path = tr.lproj/NothingFoundCell.xib; sourceTree = "<group>"; };
		57D4BF752582A2F90022557C /* Base */ = {isa = PBXFileReference; lastKnownFileType = file.xib; name = Base; path = Base.lproj/LoadingCell.xib; sourceTree = "<group>"; };
		57D4BF782582A3090022557C /* tr */ = {isa = PBXFileReference; lastKnownFileType = text.plist.strings; name = tr; path = tr.lproj/LoadingCell.strings; sourceTree = "<group>"; };
		57D4BF7A2582A6420022557C /* tr */ = {isa = PBXFileReference; lastKnownFileType = text.plist.strings; name = tr; path = tr.lproj/Main.strings; sourceTree = "<group>"; };
/* End PBXFileReference section */

/* Begin PBXFrameworksBuildPhase section */
		5722B684254711BC00BBAA34 /* Frameworks */ = {
			isa = PBXFrameworksBuildPhase;
			buildActionMask = 2147483647;
			files = (
			);
			runOnlyForDeploymentPostprocessing = 0;
		};
/* End PBXFrameworksBuildPhase section */

/* Begin PBXGroup section */
		5722B67E254711BC00BBAA34 = {
			isa = PBXGroup;
			children = (
				5722B689254711BC00BBAA34 /* StoreSearch */,
				5722B688254711BC00BBAA34 /* Products */,
			);
			sourceTree = "<group>";
		};
		5722B688254711BC00BBAA34 /* Products */ = {
			isa = PBXGroup;
			children = (
				5722B687254711BC00BBAA34 /* StoreSearch.app */,
			);
			name = Products;
			sourceTree = "<group>";
		};
		5722B689254711BC00BBAA34 /* StoreSearch */ = {
			isa = PBXGroup;
			children = (
				5722B68A254711BC00BBAA34 /* AppDelegate.swift */,
				5722B68C254711BC00BBAA34 /* SceneDelegate.swift */,
				5722B68E254711BC00BBAA34 /* SearchViewController.swift */,
				5722B690254711BC00BBAA34 /* Main.storyboard */,
				5722B693254711C100BBAA34 /* Assets.xcassets */,
				5722B698254711C100BBAA34 /* Info.plist */,
				572A8FED25474A9B00315571 /* SearchResult.swift */,
				572A8FEF2547625B00315571 /* SearchResultCell.xib */,
				572A8FF125476E0500315571 /* SearchResultCell.swift */,
				57D4BF7225829FEB0022557C /* NothingFoundCell.xib */,
				57D4BF762582A2F90022557C /* LoadingCell.xib */,
				5791DC6825783ADC0088076B /* UImageView+DownloadImage.swift */,
				57978E26257ABB63002C335C /* DetailViewController.swift */,
				57978E28257AC1C2002C335C /* DimmingPresentationController.swift */,
				57269051257BD99900E2CAD1 /* GradientView.swift */,
				57C379CA257D4AE600A33C7D /* BounceAnimationController.swift */,
				57C379CC257D527A00A33C7D /* SlideOutAnimationController.swift */,
				57C379CE257D55B900A33C7D /* LandscapeViewController.swift */,
				57A334EF257E7A3300F4282E /* FadeOutAnimationController.swift */,
				57A334F2257E9E4900F4282E /* Search.swift */,
			);
			path = StoreSearch;
			sourceTree = "<group>";
		};
/* End PBXGroup section */

/* Begin PBXNativeTarget section */
		5722B686254711BC00BBAA34 /* StoreSearch */ = {
			isa = PBXNativeTarget;
			buildConfigurationList = 5722B69B254711C100BBAA34 /* Build configuration list for PBXNativeTarget "StoreSearch" */;
			buildPhases = (
				5722B683254711BC00BBAA34 /* Sources */,
				5722B684254711BC00BBAA34 /* Frameworks */,
				5722B685254711BC00BBAA34 /* Resources */,
			);
			buildRules = (
			);
			dependencies = (
			);
			name = StoreSearch;
			productName = StoreSearch;
			productReference = 5722B687254711BC00BBAA34 /* StoreSearch.app */;
			productType = "com.apple.product-type.application";
		};
/* End PBXNativeTarget section */

/* Begin PBXProject section */
		5722B67F254711BC00BBAA34 /* Project object */ = {
			isa = PBXProject;
			attributes = {
				LastSwiftUpdateCheck = 1170;
				LastUpgradeCheck = 1170;
				ORGANIZATIONNAME = "Mustafa Paslı";
				TargetAttributes = {
					5722B686254711BC00BBAA34 = {
						CreatedOnToolsVersion = 11.7;
					};
				};
			};
			buildConfigurationList = 5722B682254711BC00BBAA34 /* Build configuration list for PBXProject "StoreSearch" */;
			compatibilityVersion = "Xcode 9.3";
			developmentRegion = en;
			hasScannedForEncodings = 0;
			knownRegions = (
				en,
				Base,
				tr,
			);
			mainGroup = 5722B67E254711BC00BBAA34;
			productRefGroup = 5722B688254711BC00BBAA34 /* Products */;
			projectDirPath = "";
			projectRoot = "";
			targets = (
				5722B686254711BC00BBAA34 /* StoreSearch */,
			);
		};
/* End PBXProject section */

/* Begin PBXResourcesBuildPhase section */
		5722B685254711BC00BBAA34 /* Resources */ = {
			isa = PBXResourcesBuildPhase;
			buildActionMask = 2147483647;
			files = (
				5722B694254711C100BBAA34 /* Assets.xcassets in Resources */,
				57D4BF742582A2F90022557C /* LoadingCell.xib in Resources */,
				572A8FF02547625B00315571 /* SearchResultCell.xib in Resources */,
				57D4BF7025829FEB0022557C /* NothingFoundCell.xib in Resources */,
				5722B692254711BC00BBAA34 /* Main.storyboard in Resources */,
			);
			runOnlyForDeploymentPostprocessing = 0;
		};
/* End PBXResourcesBuildPhase section */

/* Begin PBXSourcesBuildPhase section */
		5722B683254711BC00BBAA34 /* Sources */ = {
			isa = PBXSourcesBuildPhase;
			buildActionMask = 2147483647;
			files = (
				5722B68F254711BC00BBAA34 /* SearchViewController.swift in Sources */,
				5722B68B254711BC00BBAA34 /* AppDelegate.swift in Sources */,
				5791DC6925783ADC0088076B /* UImageView+DownloadImage.swift in Sources */,
				57978E29257AC1C2002C335C /* DimmingPresentationController.swift in Sources */,
				57C379CB257D4AE600A33C7D /* BounceAnimationController.swift in Sources */,
				572A8FEE25474A9C00315571 /* SearchResult.swift in Sources */,
				5722B68D254711BC00BBAA34 /* SceneDelegate.swift in Sources */,
				572A8FF225476E0600315571 /* SearchResultCell.swift in Sources */,
				57C379CD257D527A00A33C7D /* SlideOutAnimationController.swift in Sources */,
				57A334F0257E7A3300F4282E /* FadeOutAnimationController.swift in Sources */,
				57978E27257ABB63002C335C /* DetailViewController.swift in Sources */,
				57C379CF257D55B900A33C7D /* LandscapeViewController.swift in Sources */,
				57269052257BD99900E2CAD1 /* GradientView.swift in Sources */,
				57A334F3257E9E4900F4282E /* Search.swift in Sources */,
			);
			runOnlyForDeploymentPostprocessing = 0;
		};
/* End PBXSourcesBuildPhase section */

/* Begin PBXVariantGroup section */
		5722B690254711BC00BBAA34 /* Main.storyboard */ = {
			isa = PBXVariantGroup;
			children = (
				5722B691254711BC00BBAA34 /* Base */,
				57D4BF7A2582A6420022557C /* tr */,
			);
			name = Main.storyboard;
			sourceTree = "<group>";
		};
		57D4BF7225829FEB0022557C /* NothingFoundCell.xib */ = {
			isa = PBXVariantGroup;
			children = (
				57D4BF7125829FEB0022557C /* en */,
				57D4BF732582A03F0022557C /* tr */,
			);
			name = NothingFoundCell.xib;
			sourceTree = "<group>";
		};
		57D4BF762582A2F90022557C /* LoadingCell.xib */ = {
			isa = PBXVariantGroup;
			children = (
				57D4BF752582A2F90022557C /* Base */,
				57D4BF782582A3090022557C /* tr */,
			);
			name = LoadingCell.xib;
			sourceTree = "<group>";
		};
/* End PBXVariantGroup section */

/* Begin XCBuildConfiguration section */
		5722B699254711C100BBAA34 /* Debug */ = {
			isa = XCBuildConfiguration;
			buildSettings = {
				ALWAYS_SEARCH_USER_PATHS = NO;
				CLANG_ANALYZER_LOCALIZABILITY_NONLOCALIZED = YES;
				CLANG_ANALYZER_NONNULL = YES;
				CLANG_ANALYZER_NUMBER_OBJECT_CONVERSION = YES_AGGRESSIVE;
				CLANG_CXX_LANGUAGE_STANDARD = "gnu++14";
				CLANG_CXX_LIBRARY = "libc++";
				CLANG_ENABLE_MODULES = YES;
				CLANG_ENABLE_OBJC_ARC = YES;
				CLANG_ENABLE_OBJC_WEAK = YES;
				CLANG_WARN_BLOCK_CAPTURE_AUTORELEASING = YES;
				CLANG_WARN_BOOL_CONVERSION = YES;
				CLANG_WARN_COMMA = YES;
				CLANG_WARN_CONSTANT_CONVERSION = YES;
				CLANG_WARN_DEPRECATED_OBJC_IMPLEMENTATIONS = YES;
				CLANG_WARN_DIRECT_OBJC_ISA_USAGE = YES_ERROR;
				CLANG_WARN_DOCUMENTATION_COMMENTS = YES;
				CLANG_WARN_EMPTY_BODY = YES;
				CLANG_WARN_ENUM_CONVERSION = YES;
				CLANG_WARN_INFINITE_RECURSION = YES;
				CLANG_WARN_INT_CONVERSION = YES;
				CLANG_WARN_NON_LITERAL_NULL_CONVERSION = YES;
				CLANG_WARN_OBJC_IMPLICIT_RETAIN_SELF = YES;
				CLANG_WARN_OBJC_LITERAL_CONVERSION = YES;
				CLANG_WARN_OBJC_ROOT_CLASS = YES_ERROR;
				CLANG_WARN_RANGE_LOOP_ANALYSIS = YES;
				CLANG_WARN_STRICT_PROTOTYPES = YES;
				CLANG_WARN_SUSPICIOUS_MOVE = YES;
				CLANG_WARN_UNGUARDED_AVAILABILITY = YES_AGGRESSIVE;
				CLANG_WARN_UNREACHABLE_CODE = YES;
				CLANG_WARN__DUPLICATE_METHOD_MATCH = YES;
				COPY_PHASE_STRIP = NO;
				DEBUG_INFORMATION_FORMAT = dwarf;
				ENABLE_STRICT_OBJC_MSGSEND = YES;
				ENABLE_TESTABILITY = YES;
				GCC_C_LANGUAGE_STANDARD = gnu11;
				GCC_DYNAMIC_NO_PIC = NO;
				GCC_NO_COMMON_BLOCKS = YES;
				GCC_OPTIMIZATION_LEVEL = 0;
				GCC_PREPROCESSOR_DEFINITIONS = (
					"DEBUG=1",
					"$(inherited)",
				);
				GCC_WARN_64_TO_32_BIT_CONVERSION = YES;
				GCC_WARN_ABOUT_RETURN_TYPE = YES_ERROR;
				GCC_WARN_UNDECLARED_SELECTOR = YES;
				GCC_WARN_UNINITIALIZED_AUTOS = YES_AGGRESSIVE;
				GCC_WARN_UNUSED_FUNCTION = YES;
				GCC_WARN_UNUSED_VARIABLE = YES;
				IPHONEOS_DEPLOYMENT_TARGET = 13.7;
				MTL_ENABLE_DEBUG_INFO = INCLUDE_SOURCE;
				MTL_FAST_MATH = YES;
				ONLY_ACTIVE_ARCH = YES;
				SDKROOT = iphoneos;
				SWIFT_ACTIVE_COMPILATION_CONDITIONS = DEBUG;
				SWIFT_OPTIMIZATION_LEVEL = "-Onone";
			};
			name = Debug;
		};
		5722B69A254711C100BBAA34 /* Release */ = {
			isa = XCBuildConfiguration;
			buildSettings = {
				ALWAYS_SEARCH_USER_PATHS = NO;
				CLANG_ANALYZER_LOCALIZABILITY_NONLOCALIZED = YES;
				CLANG_ANALYZER_NONNULL = YES;
				CLANG_ANALYZER_NUMBER_OBJECT_CONVERSION = YES_AGGRESSIVE;
				CLANG_CXX_LANGUAGE_STANDARD = "gnu++14";
				CLANG_CXX_LIBRARY = "libc++";
				CLANG_ENABLE_MODULES = YES;
				CLANG_ENABLE_OBJC_ARC = YES;
				CLANG_ENABLE_OBJC_WEAK = YES;
				CLANG_WARN_BLOCK_CAPTURE_AUTORELEASING = YES;
				CLANG_WARN_BOOL_CONVERSION = YES;
				CLANG_WARN_COMMA = YES;
				CLANG_WARN_CONSTANT_CONVERSION = YES;
				CLANG_WARN_DEPRECATED_OBJC_IMPLEMENTATIONS = YES;
				CLANG_WARN_DIRECT_OBJC_ISA_USAGE = YES_ERROR;
				CLANG_WARN_DOCUMENTATION_COMMENTS = YES;
				CLANG_WARN_EMPTY_BODY = YES;
				CLANG_WARN_ENUM_CONVERSION = YES;
				CLANG_WARN_INFINITE_RECURSION = YES;
				CLANG_WARN_INT_CONVERSION = YES;
				CLANG_WARN_NON_LITERAL_NULL_CONVERSION = YES;
				CLANG_WARN_OBJC_IMPLICIT_RETAIN_SELF = YES;
				CLANG_WARN_OBJC_LITERAL_CONVERSION = YES;
				CLANG_WARN_OBJC_ROOT_CLASS = YES_ERROR;
				CLANG_WARN_RANGE_LOOP_ANALYSIS = YES;
				CLANG_WARN_STRICT_PROTOTYPES = YES;
				CLANG_WARN_SUSPICIOUS_MOVE = YES;
				CLANG_WARN_UNGUARDED_AVAILABILITY = YES_AGGRESSIVE;
				CLANG_WARN_UNREACHABLE_CODE = YES;
				CLANG_WARN__DUPLICATE_METHOD_MATCH = YES;
				COPY_PHASE_STRIP = NO;
				DEBUG_INFORMATION_FORMAT = "dwarf-with-dsym";
				ENABLE_NS_ASSERTIONS = NO;
				ENABLE_STRICT_OBJC_MSGSEND = YES;
				GCC_C_LANGUAGE_STANDARD = gnu11;
				GCC_NO_COMMON_BLOCKS = YES;
				GCC_WARN_64_TO_32_BIT_CONVERSION = YES;
				GCC_WARN_ABOUT_RETURN_TYPE = YES_ERROR;
				GCC_WARN_UNDECLARED_SELECTOR = YES;
				GCC_WARN_UNINITIALIZED_AUTOS = YES_AGGRESSIVE;
				GCC_WARN_UNUSED_FUNCTION = YES;
				GCC_WARN_UNUSED_VARIABLE = YES;
				IPHONEOS_DEPLOYMENT_TARGET = 13.7;
				MTL_ENABLE_DEBUG_INFO = NO;
				MTL_FAST_MATH = YES;
				SDKROOT = iphoneos;
				SWIFT_COMPILATION_MODE = wholemodule;
				SWIFT_OPTIMIZATION_LEVEL = "-O";
				VALIDATE_PRODUCT = YES;
			};
			name = Release;
		};
		5722B69C254711C100BBAA34 /* Debug */ = {
			isa = XCBuildConfiguration;
			buildSettings = {
				ASSETCATALOG_COMPILER_APPICON_NAME = AppIcon;
				CODE_SIGN_STYLE = Automatic;
				DEVELOPMENT_TEAM = 4TRTK4J9PC;
				INFOPLIST_FILE = StoreSearch/Info.plist;
				LD_RUNPATH_SEARCH_PATHS = (
					"$(inherited)",
					"@executable_path/Frameworks",
				);
				PRODUCT_BUNDLE_IDENTIFIER = com.theware.StoreSearch;
				PRODUCT_NAME = "$(TARGET_NAME)";
				SWIFT_VERSION = 5.0;
				TARGETED_DEVICE_FAMILY = "1,2";
			};
			name = Debug;
		};
		5722B69D254711C100BBAA34 /* Release */ = {
			isa = XCBuildConfiguration;
			buildSettings = {
				ASSETCATALOG_COMPILER_APPICON_NAME = AppIcon;
				CODE_SIGN_STYLE = Automatic;
				DEVELOPMENT_TEAM = 4TRTK4J9PC;
				INFOPLIST_FILE = StoreSearch/Info.plist;
				LD_RUNPATH_SEARCH_PATHS = (
					"$(inherited)",
					"@executable_path/Frameworks",
				);
				PRODUCT_BUNDLE_IDENTIFIER = com.theware.StoreSearch;
				PRODUCT_NAME = "$(TARGET_NAME)";
				SWIFT_VERSION = 5.0;
				TARGETED_DEVICE_FAMILY = "1,2";
			};
			name = Release;
		};
/* End XCBuildConfiguration section */

/* Begin XCConfigurationList section */
		5722B682254711BC00BBAA34 /* Build configuration list for PBXProject "StoreSearch" */ = {
			isa = XCConfigurationList;
			buildConfigurations = (
				5722B699254711C100BBAA34 /* Debug */,
				5722B69A254711C100BBAA34 /* Release */,
			);
			defaultConfigurationIsVisible = 0;
			defaultConfigurationName = Release;
		};
		5722B69B254711C100BBAA34 /* Build configuration list for PBXNativeTarget "StoreSearch" */ = {
			isa = XCConfigurationList;
			buildConfigurations = (
				5722B69C254711C100BBAA34 /* Debug */,
				5722B69D254711C100BBAA34 /* Release */,
			);
			defaultConfigurationIsVisible = 0;
			defaultConfigurationName = Release;
		};
/* End XCConfigurationList section */
	};
	rootObject = 5722B67F254711BC00BBAA34 /* Project object */;
}
